
Microsoft Visual Studio Solution File, Format Version 12.00
# Visual Studio Version 17
VisualStudioVersion = 17.3.32825.248
MinimumVisualStudioVersion = 10.0.40219.1
Project("{FAE04EC0-301F-11D3-BF4B-00C04F79EFBC}") = "CarControl", "CarControl\CarControl.csproj", "{63C357E5-4EF1-47FF-A94D-15BB6EE944B7}"
EndProject
Global
	GlobalSection(SolutionConfigurationPlatforms) = preSolution
		Debug|Any CPU = Debug|Any CPU
		Release|Any CPU = Release|Any CPU
	EndGlobalSection
	GlobalSection(ProjectConfigurationPlatforms) = postSolution
		{63C357E5-4EF1-47FF-A94D-15BB6EE944B7}.Debug|Any CPU.ActiveCfg = Debug|Any CPU
		{63C357E5-4EF1-47FF-A94D-15BB6EE944B7}.Debug|Any CPU.Build.0 = Debug|Any CPU
		{63C357E5-4EF1-47FF-A94D-15BB6EE944B7}.Release|Any CPU.ActiveCfg = Release|Any CPU
		{63C357E5-4EF1-47FF-A94D-15BB6EE944B7}.Release|Any CPU.Build.0 = Release|Any CPU
	EndGlobalSection
	GlobalSection(SolutionProperties) = preSolution
		HideSolutionNode = FALSE
	EndGlobalSection
	GlobalSection(ExtensibilityGlobals) = postSolution
		SolutionGuid = {982E51C3-48D0-4557-ACA4-B1D2741A6BC4}
	EndGlobalSection
EndGlobal
